
Microsoft Visual Studio Solution File, Format Version 12.00
# Visual Studio Version 16
VisualStudioVersion = 16.0.30114.105
MinimumVisualStudioVersion = 10.0.40219.1
Project("{2150E333-8FDC-42A3-9474-1A3956D46DE8}") = "src", "src", "{8B122432-4DD1-470D-A44D-95BEDB891BD6}"
EndProject
Project("{F2A71F9B-5D33-465A-A702-920D77279786}") = "App", "src\App\App.fsproj", "{8268B357-2639-4EEB-8415-A54B37952CAA}"
EndProject
Project("{F2A71F9B-5D33-465A-A702-920D77279786}") = "GitHubRest", "src\GitHubRest\GitHubRest.fsproj", "{7C3CECDA-7A5C-43B3-901A-38BF607F4B7B}"
EndProject
Project("{F2A71F9B-5D33-465A-A702-920D77279786}") = "GitHubActions", "src\GitHubActions\GitHubActions.fsproj", "{2CDB409A-B4C6-4769-8873-6F05A3377A54}"
EndProject
Project("{F2A71F9B-5D33-465A-A702-920D77279786}") = "GitHubRest.Test", "src\GitHubRest.Test\GitHubRest.Test.fsproj", "{14FBB978-E7CA-4738-A5C2-CF015EFB6211}"
EndProject
Global
	GlobalSection(SolutionConfigurationPlatforms) = preSolution
		Debug|Any CPU = Debug|Any CPU
		Release|Any CPU = Release|Any CPU
	EndGlobalSection
	GlobalSection(SolutionProperties) = preSolution
		HideSolutionNode = FALSE
	EndGlobalSection
	GlobalSection(ProjectConfigurationPlatforms) = postSolution
		{8268B357-2639-4EEB-8415-A54B37952CAA}.Debug|Any CPU.ActiveCfg = Debug|Any CPU
		{8268B357-2639-4EEB-8415-A54B37952CAA}.Debug|Any CPU.Build.0 = Debug|Any CPU
		{8268B357-2639-4EEB-8415-A54B37952CAA}.Release|Any CPU.ActiveCfg = Release|Any CPU
		{8268B357-2639-4EEB-8415-A54B37952CAA}.Release|Any CPU.Build.0 = Release|Any CPU
		{7C3CECDA-7A5C-43B3-901A-38BF607F4B7B}.Debug|Any CPU.ActiveCfg = Debug|Any CPU
		{7C3CECDA-7A5C-43B3-901A-38BF607F4B7B}.Debug|Any CPU.Build.0 = Debug|Any CPU
		{7C3CECDA-7A5C-43B3-901A-38BF607F4B7B}.Release|Any CPU.ActiveCfg = Release|Any CPU
		{7C3CECDA-7A5C-43B3-901A-38BF607F4B7B}.Release|Any CPU.Build.0 = Release|Any CPU
		{2CDB409A-B4C6-4769-8873-6F05A3377A54}.Debug|Any CPU.ActiveCfg = Debug|Any CPU
		{2CDB409A-B4C6-4769-8873-6F05A3377A54}.Debug|Any CPU.Build.0 = Debug|Any CPU
		{2CDB409A-B4C6-4769-8873-6F05A3377A54}.Release|Any CPU.ActiveCfg = Release|Any CPU
		{2CDB409A-B4C6-4769-8873-6F05A3377A54}.Release|Any CPU.Build.0 = Release|Any CPU
		{14FBB978-E7CA-4738-A5C2-CF015EFB6211}.Debug|Any CPU.ActiveCfg = Debug|Any CPU
		{14FBB978-E7CA-4738-A5C2-CF015EFB6211}.Debug|Any CPU.Build.0 = Debug|Any CPU
		{14FBB978-E7CA-4738-A5C2-CF015EFB6211}.Release|Any CPU.ActiveCfg = Release|Any CPU
		{14FBB978-E7CA-4738-A5C2-CF015EFB6211}.Release|Any CPU.Build.0 = Release|Any CPU
	EndGlobalSection
	GlobalSection(NestedProjects) = preSolution
		{8268B357-2639-4EEB-8415-A54B37952CAA} = {8B122432-4DD1-470D-A44D-95BEDB891BD6}
		{7C3CECDA-7A5C-43B3-901A-38BF607F4B7B} = {8B122432-4DD1-470D-A44D-95BEDB891BD6}
		{2CDB409A-B4C6-4769-8873-6F05A3377A54} = {8B122432-4DD1-470D-A44D-95BEDB891BD6}
		{14FBB978-E7CA-4738-A5C2-CF015EFB6211} = {8B122432-4DD1-470D-A44D-95BEDB891BD6}
	EndGlobalSection
EndGlobal
