# THIS IS AN AUTOGENERATED FILE. DO NOT EDIT THIS FILE DIRECTLY.
# yarn lockfile v1


"@actions/core@^1.2.3", "@actions/core@^1.2.6":
  version "1.2.6"
  resolved "https://registry.yarnpkg.com/@actions/core/-/core-1.2.6.tgz#a78d49f41a4def18e88ce47c2cac615d5694bf09"
  integrity sha512-ZQYitnqiyBc3D+k7LsgSBmMDVkOVidaagDG7j3fOym77jNunWRuYx7VSHa9GNfFZh+zh61xsCjRj4JxMZlDqTA==

"@actions/exec@^1.0.0":
  version "1.0.4"
  resolved "https://registry.yarnpkg.com/@actions/exec/-/exec-1.0.4.tgz#99d75310e62e59fc37d2ee6dcff6d4bffadd3a5d"
  integrity sha512-4DPChWow9yc9W3WqEbUj8Nr86xkpyE29ZzWjXucHItclLbEW6jr80Zx4nqv18QL6KK65+cifiQZXvnqgTV6oHw==
  dependencies:
    "@actions/io" "^1.0.1"

"@actions/http-client@^1.0.8":
  version "1.0.9"
  resolved "https://registry.yarnpkg.com/@actions/http-client/-/http-client-1.0.9.tgz#af1947d020043dbc6a3b4c5918892095c30ffb52"
  integrity sha512-0O4SsJ7q+MK0ycvXPl2e6bMXV7dxAXOGjrXS1eTF9s2S401Tp6c/P3c3Joz04QefC1J6Gt942Wl2jbm3f4mLcg==
  dependencies:
    tunnel "0.0.6"

"@actions/io@^1.0.1":
  version "1.0.2"
  resolved "https://registry.yarnpkg.com/@actions/io/-/io-1.0.2.tgz#2f614b6e69ce14d191180451eb38e6576a6e6b27"
  integrity sha512-J8KuFqVPr3p6U8W93DOXlXW6zFvrQAJANdS+vw0YhusLIq+bszW8zmK2Fh1C2kDPX8FMvwIl1OUcFgvJoXLbAg==

"@actions/tool-cache@^1.6.0":
  version "1.6.0"
  resolved "https://registry.yarnpkg.com/@actions/tool-cache/-/tool-cache-1.6.0.tgz#5b425db2d642df65dd0d6bcec0d84dcdbca3f80d"
  integrity sha512-+fyEBImPD3m5I0o6DflCO0NHY180LPoX8Lo6y4Iez+V17kO8kfkH0VHxb8mUdmD6hn9dWA9Ch1JA20fXoIYUeQ==
  dependencies:
    "@actions/core" "^1.2.3"
    "@actions/exec" "^1.0.0"
    "@actions/http-client" "^1.0.8"
    "@actions/io" "^1.0.1"
    semver "^6.1.0"
    uuid "^3.3.2"

"@types/node-fetch@^2.5.7":
  version "2.5.7"
  resolved "https://registry.yarnpkg.com/@types/node-fetch/-/node-fetch-2.5.7.tgz#20a2afffa882ab04d44ca786449a276f9f6bbf3c"
  integrity sha512-o2WVNf5UhWRkxlf6eq+jMZDu7kjgpgJfl4xVNlvryc95O/6F2ld8ztKX+qu+Rjyet93WAWm5LjeX9H5FGkODvw==
  dependencies:
    "@types/node" "*"
    form-data "^3.0.0"

"@types/node@*", "@types/node@^14.11.8":
  version "14.11.8"
  resolved "https://registry.yarnpkg.com/@types/node/-/node-14.11.8.tgz#fe2012f2355e4ce08bca44aeb3abbb21cf88d33f"
  integrity sha512-KPcKqKm5UKDkaYPTuXSx8wEP7vE9GnuaXIZKijwRYcePpZFDVuy2a57LarFKiORbHOuTOOwYzxVxcUzsh2P2Pw==

asynckit@^0.4.0:
  version "0.4.0"
  resolved "https://registry.yarnpkg.com/asynckit/-/asynckit-0.4.0.tgz#c79ed97f7f34cb8f2ba1bc9790bcc366474b4b79"
  integrity sha1-x57Zf380y48robyXkLzDZkdLS3k=

combined-stream@^1.0.8:
  version "1.0.8"
  resolved "https://registry.yarnpkg.com/combined-stream/-/combined-stream-1.0.8.tgz#c3d45a8b34fd730631a110a8a2520682b31d5a7f"
  integrity sha512-FQN4MRfuJeHf7cBbBMJFXhKSDq+2kAArBlmRBvcvFE5BB1HZKXtSFASDhdlz9zOYwxh8lDdnvmMOe/+5cdoEdg==
  dependencies:
    delayed-stream "~1.0.0"

delayed-stream@~1.0.0:
  version "1.0.0"
  resolved "https://registry.yarnpkg.com/delayed-stream/-/delayed-stream-1.0.0.tgz#df3ae199acadfb7d440aaae0b29e2272b24ec619"
  integrity sha1-3zrhmayt+31ECqrgsp4icrJOxhk=

esbuild@^0.7.14:
  version "0.7.14"
  resolved "https://registry.yarnpkg.com/esbuild/-/esbuild-0.7.14.tgz#9de555e75669187c2315317fbf489b229b1a4cbb"
  integrity sha512-w2CEVeRcUhCGYMHnNNwb8q+9w42scL7RcNzJm85gZVzNBE3AF0sLq5YP/IdaTBJIFBphIKG3bGbwRH+zsgH/ig==

form-data@^3.0.0:
  version "3.0.0"
  resolved "https://registry.yarnpkg.com/form-data/-/form-data-3.0.0.tgz#31b7e39c85f1355b7139ee0c647cf0de7f83c682"
  integrity sha512-CKMFDglpbMi6PyN+brwB9Q/GOw0eAnsrEZDgcsH5Krhz5Od/haKHAX0NmQfha2zPPz0JpWzA7GJHGSnvCRLWsg==
  dependencies:
    asynckit "^0.4.0"
    combined-stream "^1.0.8"
    mime-types "^2.1.12"

mime-db@1.44.0:
  version "1.44.0"
  resolved "https://registry.yarnpkg.com/mime-db/-/mime-db-1.44.0.tgz#fa11c5eb0aca1334b4233cb4d52f10c5a6272f92"
  integrity sha512-/NOTfLrsPBVeH7YtFPgsVWveuL+4SjjYxaQ1xtM1KMFj7HdxlBlxeyNLzhyJVx7r4rZGJAZ/6lkKCitSc/Nmpg==

mime-types@^2.1.12:
  version "2.1.27"
  resolved "https://registry.yarnpkg.com/mime-types/-/mime-types-2.1.27.tgz#47949f98e279ea53119f5722e0f34e529bec009f"
  integrity sha512-JIhqnCasI9yD+SsmkquHBxTSEuZdQX5BuQnS2Vc7puQQQ+8yiP5AY5uWhpdv4YL4VM5c6iliiYWPgJ/nJQLp7w==
  dependencies:
    mime-db "1.44.0"

semver@^6.1.0:
  version "6.3.0"
  resolved "https://registry.yarnpkg.com/semver/-/semver-6.3.0.tgz#ee0a64c8af5e8ceea67687b133761e1becbd1d3d"
  integrity sha512-b39TBaTSfV6yBrapU89p5fKekE2m/NwnDocOVruQFS1/veMgdzuPcnOM34M6CwxW8jH/lxEa5rBoDeUwu5HHTw==

tunnel@0.0.6:
  version "0.0.6"
  resolved "https://registry.yarnpkg.com/tunnel/-/tunnel-0.0.6.tgz#72f1314b34a5b192db012324df2cc587ca47f92c"
  integrity sha512-1h/Lnq9yajKY2PEbBadPXj3VxsDDu844OnaAo52UVmIzIvwwtBPIuNvkjuzBlTWpfJyUbG3ez0KSBibQkj4ojg==

typescript@^4.0.3:
  version "4.0.3"
  resolved "https://registry.yarnpkg.com/typescript/-/typescript-4.0.3.tgz#153bbd468ef07725c1df9c77e8b453f8d36abba5"
  integrity sha512-tEu6DGxGgRJPb/mVPIZ48e69xCn2yRmCgYmDugAVwmJ6o+0u1RI18eO7E7WBTLYLaEVVOhwQmcdhQHweux/WPg==

uuid@^3.3.2:
  version "3.4.0"
  resolved "https://registry.yarnpkg.com/uuid/-/uuid-3.4.0.tgz#b23e4358afa8a202fe7a100af1f5f883f02007ee"
  integrity sha512-HjSDRw6gZE5JMggctHBcjVak08+KEVhSIiDzFnT9S9aegmp85S/bReBVTb4QTFaRNptJ9kuYaNhnbNEOkbKb/A==
